
Microsoft Visual Studio Solution File, Format Version 12.00
# Visual Studio Version 16
VisualStudioVersion = 16.0.29509.3
MinimumVisualStudioVersion = 10.0.40219.1
Project("{FAE04EC0-301F-11D3-BF4B-00C04F79EFBC}") = "TCP_IP_Client", "TCP_IP_Client\TCP_IP_Client.csproj", "{616B39CB-4FD9-40AE-82FF-6918F9424242}"
EndProject
Global
	GlobalSection(SolutionConfigurationPlatforms) = preSolution
		Debug|Any CPU = Debug|Any CPU
		Release|Any CPU = Release|Any CPU
	EndGlobalSection
	GlobalSection(ProjectConfigurationPlatforms) = postSolution
		{616B39CB-4FD9-40AE-82FF-6918F9424242}.Debug|Any CPU.ActiveCfg = Debug|Any CPU
		{616B39CB-4FD9-40AE-82FF-6918F9424242}.Debug|Any CPU.Build.0 = Debug|Any CPU
		{616B39CB-4FD9-40AE-82FF-6918F9424242}.Release|Any CPU.ActiveCfg = Release|Any CPU
		{616B39CB-4FD9-40AE-82FF-6918F9424242}.Release|Any CPU.Build.0 = Release|Any CPU
	EndGlobalSection
	GlobalSection(SolutionProperties) = preSolution
		HideSolutionNode = FALSE
	EndGlobalSection
	GlobalSection(ExtensibilityGlobals) = postSolution
		SolutionGuid = {62D23C34-1D46-4797-AC4B-B327B9F601CB}
	EndGlobalSection
EndGlobal
